
Microsoft Visual Studio Solution File, Format Version 12.00
# Visual Studio Version 17
VisualStudioVersion = 17.8.34309.116
MinimumVisualStudioVersion = 10.0.40219.1
Project("{FAE04EC0-301F-11D3-BF4B-00C04F79EFBC}") = "Generic Practices", "Generic Practices.csproj", "{B4E78057-72E8-4EAB-A2FA-491F736E67E8}"
EndProject
Global
	GlobalSection(SolutionConfigurationPlatforms) = preSolution
		Debug|Any CPU = Debug|Any CPU
		Release|Any CPU = Release|Any CPU
	EndGlobalSection
	GlobalSection(ProjectConfigurationPlatforms) = postSolution
		{B4E78057-72E8-4EAB-A2FA-491F736E67E8}.Debug|Any CPU.ActiveCfg = Debug|Any CPU
		{B4E78057-72E8-4EAB-A2FA-491F736E67E8}.Debug|Any CPU.Build.0 = Debug|Any CPU
		{B4E78057-72E8-4EAB-A2FA-491F736E67E8}.Release|Any CPU.ActiveCfg = Release|Any CPU
		{B4E78057-72E8-4EAB-A2FA-491F736E67E8}.Release|Any CPU.Build.0 = Release|Any CPU
	EndGlobalSection
	GlobalSection(SolutionProperties) = preSolution
		HideSolutionNode = FALSE
	EndGlobalSection
	GlobalSection(ExtensibilityGlobals) = postSolution
		SolutionGuid = {91DC3F23-4504-4CD8-BF3A-D537DD5031A7}
	EndGlobalSection
EndGlobal
