
Microsoft Visual Studio Solution File, Format Version 12.00
# Visual Studio Version 17
VisualStudioVersion = 17.8.34309.116
MinimumVisualStudioVersion = 10.0.40219.1
Project("{FAE04EC0-301F-11D3-BF4B-00C04F79EFBC}") = "Practice_4", "Practice_4.csproj", "{CBF010E0-0315-4D02-8FB0-1B572E27C6D1}"
EndProject
Global
	GlobalSection(SolutionConfigurationPlatforms) = preSolution
		Debug|Any CPU = Debug|Any CPU
		Release|Any CPU = Release|Any CPU
	EndGlobalSection
	GlobalSection(ProjectConfigurationPlatforms) = postSolution
		{CBF010E0-0315-4D02-8FB0-1B572E27C6D1}.Debug|Any CPU.ActiveCfg = Debug|Any CPU
		{CBF010E0-0315-4D02-8FB0-1B572E27C6D1}.Debug|Any CPU.Build.0 = Debug|Any CPU
		{CBF010E0-0315-4D02-8FB0-1B572E27C6D1}.Release|Any CPU.ActiveCfg = Release|Any CPU
		{CBF010E0-0315-4D02-8FB0-1B572E27C6D1}.Release|Any CPU.Build.0 = Release|Any CPU
	EndGlobalSection
	GlobalSection(SolutionProperties) = preSolution
		HideSolutionNode = FALSE
	EndGlobalSection
	GlobalSection(ExtensibilityGlobals) = postSolution
		SolutionGuid = {DA466C8D-1FA1-4A43-972B-F3464E12C6D3}
	EndGlobalSection
EndGlobal
