
Microsoft Visual Studio Solution File, Format Version 12.00
# Visual Studio Version 17
VisualStudioVersion = 17.8.34309.116
MinimumVisualStudioVersion = 10.0.40219.1
Project("{FAE04EC0-301F-11D3-BF4B-00C04F79EFBC}") = "Practice_05", "Practice_05.csproj", "{3D48DB69-E8EF-4180-B984-D52F3316CEE7}"
EndProject
Global
	GlobalSection(SolutionConfigurationPlatforms) = preSolution
		Debug|Any CPU = Debug|Any CPU
		Release|Any CPU = Release|Any CPU
	EndGlobalSection
	GlobalSection(ProjectConfigurationPlatforms) = postSolution
		{3D48DB69-E8EF-4180-B984-D52F3316CEE7}.Debug|Any CPU.ActiveCfg = Debug|Any CPU
		{3D48DB69-E8EF-4180-B984-D52F3316CEE7}.Debug|Any CPU.Build.0 = Debug|Any CPU
		{3D48DB69-E8EF-4180-B984-D52F3316CEE7}.Release|Any CPU.ActiveCfg = Release|Any CPU
		{3D48DB69-E8EF-4180-B984-D52F3316CEE7}.Release|Any CPU.Build.0 = Release|Any CPU
	EndGlobalSection
	GlobalSection(SolutionProperties) = preSolution
		HideSolutionNode = FALSE
	EndGlobalSection
	GlobalSection(ExtensibilityGlobals) = postSolution
		SolutionGuid = {11831B41-5DDF-47B8-B206-3226F41924EE}
	EndGlobalSection
EndGlobal
