
Microsoft Visual Studio Solution File, Format Version 12.00
# Visual Studio Version 17
VisualStudioVersion = 17.8.34309.116
MinimumVisualStudioVersion = 10.0.40219.1
Project("{FAE04EC0-301F-11D3-BF4B-00C04F79EFBC}") = "Practice_04", "Practice_04.csproj", "{A08EE5D2-6D31-4ED6-8580-19FCBB870E37}"
EndProject
Global
	GlobalSection(SolutionConfigurationPlatforms) = preSolution
		Debug|Any CPU = Debug|Any CPU
		Release|Any CPU = Release|Any CPU
	EndGlobalSection
	GlobalSection(ProjectConfigurationPlatforms) = postSolution
		{A08EE5D2-6D31-4ED6-8580-19FCBB870E37}.Debug|Any CPU.ActiveCfg = Debug|Any CPU
		{A08EE5D2-6D31-4ED6-8580-19FCBB870E37}.Debug|Any CPU.Build.0 = Debug|Any CPU
		{A08EE5D2-6D31-4ED6-8580-19FCBB870E37}.Release|Any CPU.ActiveCfg = Release|Any CPU
		{A08EE5D2-6D31-4ED6-8580-19FCBB870E37}.Release|Any CPU.Build.0 = Release|Any CPU
	EndGlobalSection
	GlobalSection(SolutionProperties) = preSolution
		HideSolutionNode = FALSE
	EndGlobalSection
	GlobalSection(ExtensibilityGlobals) = postSolution
		SolutionGuid = {D61A6B12-4EB8-4218-B6CD-9257687E6A66}
	EndGlobalSection
EndGlobal
