
Microsoft Visual Studio Solution File, Format Version 12.00
# Visual Studio Version 17
VisualStudioVersion = 17.8.34309.116
MinimumVisualStudioVersion = 10.0.40219.1
Project("{FAE04EC0-301F-11D3-BF4B-00C04F79EFBC}") = "Geography Now", "Geography Now.csproj", "{4D5B7F06-2470-418C-A4BD-FE01747BD1EB}"
EndProject
Global
	GlobalSection(SolutionConfigurationPlatforms) = preSolution
		Debug|Any CPU = Debug|Any CPU
		Release|Any CPU = Release|Any CPU
	EndGlobalSection
	GlobalSection(ProjectConfigurationPlatforms) = postSolution
		{4D5B7F06-2470-418C-A4BD-FE01747BD1EB}.Debug|Any CPU.ActiveCfg = Debug|Any CPU
		{4D5B7F06-2470-418C-A4BD-FE01747BD1EB}.Debug|Any CPU.Build.0 = Debug|Any CPU
		{4D5B7F06-2470-418C-A4BD-FE01747BD1EB}.Release|Any CPU.ActiveCfg = Release|Any CPU
		{4D5B7F06-2470-418C-A4BD-FE01747BD1EB}.Release|Any CPU.Build.0 = Release|Any CPU
	EndGlobalSection
	GlobalSection(SolutionProperties) = preSolution
		HideSolutionNode = FALSE
	EndGlobalSection
	GlobalSection(ExtensibilityGlobals) = postSolution
		SolutionGuid = {0A408B50-1133-4E6B-8579-9926B80AEC80}
	EndGlobalSection
EndGlobal
