
Microsoft Visual Studio Solution File, Format Version 12.00
# Visual Studio Version 17
VisualStudioVersion = 17.8.34309.116
MinimumVisualStudioVersion = 10.0.40219.1
Project("{FAE04EC0-301F-11D3-BF4B-00C04F79EFBC}") = "Practices", "Practices.csproj", "{415FBD25-701B-4878-B3F7-89CBEC24C407}"
EndProject
Global
	GlobalSection(SolutionConfigurationPlatforms) = preSolution
		Debug|Any CPU = Debug|Any CPU
		Release|Any CPU = Release|Any CPU
	EndGlobalSection
	GlobalSection(ProjectConfigurationPlatforms) = postSolution
		{415FBD25-701B-4878-B3F7-89CBEC24C407}.Debug|Any CPU.ActiveCfg = Debug|Any CPU
		{415FBD25-701B-4878-B3F7-89CBEC24C407}.Debug|Any CPU.Build.0 = Debug|Any CPU
		{415FBD25-701B-4878-B3F7-89CBEC24C407}.Release|Any CPU.ActiveCfg = Release|Any CPU
		{415FBD25-701B-4878-B3F7-89CBEC24C407}.Release|Any CPU.Build.0 = Release|Any CPU
	EndGlobalSection
	GlobalSection(SolutionProperties) = preSolution
		HideSolutionNode = FALSE
	EndGlobalSection
	GlobalSection(ExtensibilityGlobals) = postSolution
		SolutionGuid = {2F7C7518-BA57-4EF7-8BEA-BA6D1CB9661D}
	EndGlobalSection
EndGlobal
