
Microsoft Visual Studio Solution File, Format Version 12.00
# Visual Studio Version 17
VisualStudioVersion = 17.8.34309.116
MinimumVisualStudioVersion = 10.0.40219.1
Project("{FAE04EC0-301F-11D3-BF4B-00C04F79EFBC}") = "Practice_3", "Practice_3.csproj", "{62A3ED51-B71C-4C86-BE04-BC9F14A335BA}"
EndProject
Global
	GlobalSection(SolutionConfigurationPlatforms) = preSolution
		Debug|Any CPU = Debug|Any CPU
		Release|Any CPU = Release|Any CPU
	EndGlobalSection
	GlobalSection(ProjectConfigurationPlatforms) = postSolution
		{62A3ED51-B71C-4C86-BE04-BC9F14A335BA}.Debug|Any CPU.ActiveCfg = Debug|Any CPU
		{62A3ED51-B71C-4C86-BE04-BC9F14A335BA}.Debug|Any CPU.Build.0 = Debug|Any CPU
		{62A3ED51-B71C-4C86-BE04-BC9F14A335BA}.Release|Any CPU.ActiveCfg = Release|Any CPU
		{62A3ED51-B71C-4C86-BE04-BC9F14A335BA}.Release|Any CPU.Build.0 = Release|Any CPU
	EndGlobalSection
	GlobalSection(SolutionProperties) = preSolution
		HideSolutionNode = FALSE
	EndGlobalSection
	GlobalSection(ExtensibilityGlobals) = postSolution
		SolutionGuid = {5A22F82D-4388-47DB-BAB1-B9C750402377}
	EndGlobalSection
EndGlobal
