
Microsoft Visual Studio Solution File, Format Version 12.00
# Visual Studio Version 17
VisualStudioVersion = 17.8.34511.84
MinimumVisualStudioVersion = 10.0.40219.1
Project("{FAE04EC0-301F-11D3-BF4B-00C04F79EFBC}") = "Practice_1", "Practice_1\Practice_1.csproj", "{7A860A30-54D9-45B1-97B0-D00224404730}"
EndProject
Global
	GlobalSection(SolutionConfigurationPlatforms) = preSolution
		Debug|Any CPU = Debug|Any CPU
		Release|Any CPU = Release|Any CPU
	EndGlobalSection
	GlobalSection(ProjectConfigurationPlatforms) = postSolution
		{7A860A30-54D9-45B1-97B0-D00224404730}.Debug|Any CPU.ActiveCfg = Debug|Any CPU
		{7A860A30-54D9-45B1-97B0-D00224404730}.Debug|Any CPU.Build.0 = Debug|Any CPU
		{7A860A30-54D9-45B1-97B0-D00224404730}.Release|Any CPU.ActiveCfg = Release|Any CPU
		{7A860A30-54D9-45B1-97B0-D00224404730}.Release|Any CPU.Build.0 = Release|Any CPU
	EndGlobalSection
	GlobalSection(SolutionProperties) = preSolution
		HideSolutionNode = FALSE
	EndGlobalSection
	GlobalSection(ExtensibilityGlobals) = postSolution
		SolutionGuid = {0B07E02E-F394-4355-881F-1A3046FB999C}
	EndGlobalSection
EndGlobal
