
Microsoft Visual Studio Solution File, Format Version 12.00
# Visual Studio Version 17
VisualStudioVersion = 17.8.34309.116
MinimumVisualStudioVersion = 10.0.40219.1
Project("{FAE04EC0-301F-11D3-BF4B-00C04F79EFBC}") = "Practical_1", "Practical_1.csproj", "{4167C133-688B-4BE3-89D8-2C57953BCF62}"
EndProject
Global
	GlobalSection(SolutionConfigurationPlatforms) = preSolution
		Debug|Any CPU = Debug|Any CPU
		Release|Any CPU = Release|Any CPU
	EndGlobalSection
	GlobalSection(ProjectConfigurationPlatforms) = postSolution
		{4167C133-688B-4BE3-89D8-2C57953BCF62}.Debug|Any CPU.ActiveCfg = Debug|Any CPU
		{4167C133-688B-4BE3-89D8-2C57953BCF62}.Debug|Any CPU.Build.0 = Debug|Any CPU
		{4167C133-688B-4BE3-89D8-2C57953BCF62}.Release|Any CPU.ActiveCfg = Release|Any CPU
		{4167C133-688B-4BE3-89D8-2C57953BCF62}.Release|Any CPU.Build.0 = Release|Any CPU
	EndGlobalSection
	GlobalSection(SolutionProperties) = preSolution
		HideSolutionNode = FALSE
	EndGlobalSection
	GlobalSection(ExtensibilityGlobals) = postSolution
		SolutionGuid = {4473B6D7-1D51-412E-857C-5EB2C77FEF1D}
	EndGlobalSection
EndGlobal
