
Microsoft Visual Studio Solution File, Format Version 12.00
# Visual Studio Version 17
VisualStudioVersion = 17.8.34309.116
MinimumVisualStudioVersion = 10.0.40219.1
Project("{FAE04EC0-301F-11D3-BF4B-00C04F79EFBC}") = "Practice_1", "Practice_1.csproj", "{7B015638-DB4D-4B56-878B-272BAEB7F21D}"
EndProject
Global
	GlobalSection(SolutionConfigurationPlatforms) = preSolution
		Debug|Any CPU = Debug|Any CPU
		Release|Any CPU = Release|Any CPU
	EndGlobalSection
	GlobalSection(ProjectConfigurationPlatforms) = postSolution
		{7B015638-DB4D-4B56-878B-272BAEB7F21D}.Debug|Any CPU.ActiveCfg = Debug|Any CPU
		{7B015638-DB4D-4B56-878B-272BAEB7F21D}.Debug|Any CPU.Build.0 = Debug|Any CPU
		{7B015638-DB4D-4B56-878B-272BAEB7F21D}.Release|Any CPU.ActiveCfg = Release|Any CPU
		{7B015638-DB4D-4B56-878B-272BAEB7F21D}.Release|Any CPU.Build.0 = Release|Any CPU
	EndGlobalSection
	GlobalSection(SolutionProperties) = preSolution
		HideSolutionNode = FALSE
	EndGlobalSection
	GlobalSection(ExtensibilityGlobals) = postSolution
		SolutionGuid = {932365E1-3E44-4578-8545-CA24C4473791}
	EndGlobalSection
EndGlobal
